
Microsoft Visual Studio Solution File, Format Version 12.00
# Visual Studio 2012
Project("{FAE04EC0-301F-11D3-BF4B-00C04F79EFBC}") = "Web", "Web\Web.csproj", "{58B73F53-BC85-42B6-9938-97B0B9F82AB9}"
EndProject
Project("{FAE04EC0-301F-11D3-BF4B-00C04F79EFBC}") = "Web.Tests", "Web.Tests\Web.Tests.csproj", "{0F52F439-9BA7-4844-BBAA-2D5AF4EC92BE}"
EndProject
Global
	GlobalSection(SolutionConfigurationPlatforms) = preSolution
		Debug|Any CPU = Debug|Any CPU
		Release|Any CPU = Release|Any CPU
	EndGlobalSection
	GlobalSection(ProjectConfigurationPlatforms) = postSolution
		{58B73F53-BC85-42B6-9938-97B0B9F82AB9}.Debug|Any CPU.ActiveCfg = Debug|Any CPU
		{58B73F53-BC85-42B6-9938-97B0B9F82AB9}.Debug|Any CPU.Build.0 = Debug|Any CPU
		{58B73F53-BC85-42B6-9938-97B0B9F82AB9}.Release|Any CPU.ActiveCfg = Release|Any CPU
		{58B73F53-BC85-42B6-9938-97B0B9F82AB9}.Release|Any CPU.Build.0 = Release|Any CPU
		{0F52F439-9BA7-4844-BBAA-2D5AF4EC92BE}.Debug|Any CPU.ActiveCfg = Debug|Any CPU
		{0F52F439-9BA7-4844-BBAA-2D5AF4EC92BE}.Debug|Any CPU.Build.0 = Debug|Any CPU
		{0F52F439-9BA7-4844-BBAA-2D5AF4EC92BE}.Release|Any CPU.ActiveCfg = Release|Any CPU
		{0F52F439-9BA7-4844-BBAA-2D5AF4EC92BE}.Release|Any CPU.Build.0 = Release|Any CPU
	EndGlobalSection
	GlobalSection(SolutionProperties) = preSolution
		HideSolutionNode = FALSE
	EndGlobalSection
EndGlobal
